
Microsoft Visual Studio Solution File, Format Version 12.00
# Visual Studio 15
VisualStudioVersion = 15.0.27703.2000
MinimumVisualStudioVersion = 10.0.40219.1
Project("{FAE04EC0-301F-11D3-BF4B-00C04F79EFBC}") = "OWTrack", "OWTrack\OWTrack.csproj", "{299A3198-B25D-4E4F-901D-A2F8A02C6993}"
EndProject
Global
	GlobalSection(SolutionConfigurationPlatforms) = preSolution
		Debug|Any CPU = Debug|Any CPU
		Release|Any CPU = Release|Any CPU
	EndGlobalSection
	GlobalSection(ProjectConfigurationPlatforms) = postSolution
		{299A3198-B25D-4E4F-901D-A2F8A02C6993}.Debug|Any CPU.ActiveCfg = Debug|Any CPU
		{299A3198-B25D-4E4F-901D-A2F8A02C6993}.Debug|Any CPU.Build.0 = Debug|Any CPU
		{299A3198-B25D-4E4F-901D-A2F8A02C6993}.Release|Any CPU.ActiveCfg = Release|Any CPU
		{299A3198-B25D-4E4F-901D-A2F8A02C6993}.Release|Any CPU.Build.0 = Release|Any CPU
	EndGlobalSection
	GlobalSection(SolutionProperties) = preSolution
		HideSolutionNode = FALSE
	EndGlobalSection
	GlobalSection(ExtensibilityGlobals) = postSolution
		SolutionGuid = {3807583A-D83A-4CFB-9D20-8B91F8B7A337}
	EndGlobalSection
EndGlobal
